
Microsoft Visual Studio Solution File, Format Version 12.00
# Visual Studio Version 17
VisualStudioVersion = 17.9.34616.47
MinimumVisualStudioVersion = 10.0.40219.1
Project("{FAE04EC0-301F-11D3-BF4B-00C04F79EFBC}") = "CelularCTI.Model", "CelularCTI.Model\CelularCTI.Model.csproj", "{384007D4-DFC4-4EDA-8941-F792B28A73A1}"
EndProject
Project("{FAE04EC0-301F-11D3-BF4B-00C04F79EFBC}") = "CelularCTI.Desktop", "CelularCTI\CelularCTI.Desktop.csproj", "{8E93FD47-869C-458F-8405-7328D2FD5570}"
EndProject
Global
	GlobalSection(SolutionConfigurationPlatforms) = preSolution
		Debug|Any CPU = Debug|Any CPU
		Release|Any CPU = Release|Any CPU
	EndGlobalSection
	GlobalSection(ProjectConfigurationPlatforms) = postSolution
		{384007D4-DFC4-4EDA-8941-F792B28A73A1}.Debug|Any CPU.ActiveCfg = Debug|Any CPU
		{384007D4-DFC4-4EDA-8941-F792B28A73A1}.Debug|Any CPU.Build.0 = Debug|Any CPU
		{384007D4-DFC4-4EDA-8941-F792B28A73A1}.Release|Any CPU.ActiveCfg = Release|Any CPU
		{384007D4-DFC4-4EDA-8941-F792B28A73A1}.Release|Any CPU.Build.0 = Release|Any CPU
		{8E93FD47-869C-458F-8405-7328D2FD5570}.Debug|Any CPU.ActiveCfg = Debug|Any CPU
		{8E93FD47-869C-458F-8405-7328D2FD5570}.Debug|Any CPU.Build.0 = Debug|Any CPU
		{8E93FD47-869C-458F-8405-7328D2FD5570}.Release|Any CPU.ActiveCfg = Release|Any CPU
		{8E93FD47-869C-458F-8405-7328D2FD5570}.Release|Any CPU.Build.0 = Release|Any CPU
	EndGlobalSection
	GlobalSection(SolutionProperties) = preSolution
		HideSolutionNode = FALSE
	EndGlobalSection
	GlobalSection(ExtensibilityGlobals) = postSolution
		SolutionGuid = {9C6D5AA6-FFA7-4EA5-AF33-EB928C5E00DD}
	EndGlobalSection
EndGlobal
